{
  "pins" : [
    {
      "identity" : "action-button",
      "kind" : "remoteSourceControl",
      "location" : "https://github.com/swiftui-library/action-button",
      "state" : {
        "revision" : "5c5d92a98ca86bf3c0d7bfe43385e44ffea1d554",
        "version" : "1.1.0"
      }
    },
    {
      "identity" : "togglablesecurefield",
      "kind" : "remoteSourceControl",
      "location" : "https://github.com/perfaram/TogglableSecureField",
      "state" : {
        "revision" : "9c9dd3c4e74756b6bbf56cb2dc30307e118468d9",
        "version" : "1.2.0"
      }
    }
  ],
  "version" : 2
}
